// !$*UTF8*$!
{
	archiveVersion = 1;
	classes = {
	};
	objectVersion = 46;
	objects = {

/* Begin PBXBuildFile section */
		045B63451A0924B500A7FB63 /* main.m in Sources */ = {isa = PBXBuildFile; fileRef = 045B63441A0924B500A7FB63 /* main.m */; };
		045B63481A0924B500A7FB63 /* AppDelegate.m in Sources */ = {isa = PBXBuildFile; fileRef = 045B63471A0924B500A7FB63 /* AppDelegate.m */; };
		045B634B1A0924B500A7FB63 /* ViewController.m in Sources */ = {isa = PBXBuildFile; fileRef = 045B634A1A0924B500A7FB63 /* ViewController.m */; };
		045B634E1A0924B500A7FB63 /* Main.storyboard in Resources */ = {isa = PBXBuildFile; fileRef = 045B634C1A0924B500A7FB63 /* Main.storyboard */; };
		045B63501A0924B500A7FB63 /* Images.xcassets in Resources */ = {isa = PBXBuildFile; fileRef = 045B634F1A0924B500A7FB63 /* Images.xcassets */; };
		045B63531A0924B500A7FB63 /* LaunchScreen.xib in Resources */ = {isa = PBXBuildFile; fileRef = 045B63511A0924B500A7FB63 /* LaunchScreen.xib */; };
		045B635F1A0924B500A7FB63 /* HRTableCollectionViewModelDemoTests.m in Sources */ = {isa = PBXBuildFile; fileRef = 045B635E1A0924B500A7FB63 /* HRTableCollectionViewModelDemoTests.m */; };
/* End PBXBuildFile section */

/* Begin PBXContainerItemProxy section */
		045B63591A0924B500A7FB63 /* PBXContainerItemProxy */ = {
			isa = PBXContainerItemProxy;
			containerPortal = 045B63371A0924B500A7FB63 /* Project object */;
			proxyType = 1;
			remoteGlobalIDString = 045B633E1A0924B500A7FB63;
			remoteInfo = HRTableCollectionViewModelDemo;
		};
/* End PBXContainerItemProxy section */

/* Begin PBXFileReference section */
		045B633F1A0924B500A7FB63 /* HRTableCollectionViewModelDemo.app */ = {isa = PBXFileReference; explicitFileType = wrapper.application; includeInIndex = 0; path = HRTableCollectionViewModelDemo.app; sourceTree = BUILT_PRODUCTS_DIR; };
		045B63431A0924B500A7FB63 /* Info.plist */ = {isa = PBXFileReference; lastKnownFileType = text.plist.xml; path = Info.plist; sourceTree = "<group>"; };
		045B63441A0924B500A7FB63 /* main.m */ = {isa = PBXFileReference; lastKnownFileType = sourcecode.c.objc; path = main.m; sourceTree = "<group>"; };
		045B63461A0924B500A7FB63 /* AppDelegate.h */ = {isa = PBXFileReference; lastKnownFileType = sourcecode.c.h; path = AppDelegate.h; sourceTree = "<group>"; };
		045B63471A0924B500A7FB63 /* AppDelegate.m */ = {isa = PBXFileReference; lastKnownFileType = sourcecode.c.objc; path = AppDelegate.m; sourceTree = "<group>"; };
		045B63491A0924B500A7FB63 /* ViewController.h */ = {isa = PBXFileReference; lastKnownFileType = sourcecode.c.h; path = ViewController.h; sourceTree = "<group>"; };
		045B634A1A0924B500A7FB63 /* ViewController.m */ = {isa = PBXFileReference; lastKnownFileType = sourcecode.c.objc; path = ViewController.m; sourceTree = "<group>"; };
		045B634D1A0924B500A7FB63 /* Base */ = {isa = PBXFileReference; lastKnownFileType = file.storyboard; name = Base; path = Base.lproj/Main.storyboard; sourceTree = "<group>"; };
		045B634F1A0924B500A7FB63 /* Images.xcassets */ = {isa = PBXFileReference; lastKnownFileType = folder.assetcatalog; path = Images.xcassets; sourceTree = "<group>"; };
		045B63521A0924B500A7FB63 /* Base */ = {isa = PBXFileReference; lastKnownFileType = file.xib; name = Base; path = Base.lproj/LaunchScreen.xib; sourceTree = "<group>"; };
		045B63581A0924B500A7FB63 /* HRTableCollectionViewModelDemoTests.xctest */ = {isa = PBXFileReference; explicitFileType = wrapper.cfbundle; includeInIndex = 0; path = HRTableCollectionViewModelDemoTests.xctest; sourceTree = BUILT_PRODUCTS_DIR; };
		045B635D1A0924B500A7FB63 /* Info.plist */ = {isa = PBXFileReference; lastKnownFileType = text.plist.xml; path = Info.plist; sourceTree = "<group>"; };
		045B635E1A0924B500A7FB63 /* HRTableCollectionViewModelDemoTests.m */ = {isa = PBXFileReference; lastKnownFileType = sourcecode.c.objc; path = HRTableCollectionViewModelDemoTests.m; sourceTree = "<group>"; };
/* End PBXFileReference section */

/* Begin PBXFrameworksBuildPhase section */
		045B633C1A0924B500A7FB63 /* Frameworks */ = {
			isa = PBXFrameworksBuildPhase;
			buildActionMask = 2147483647;
			files = (
			);
			runOnlyForDeploymentPostprocessing = 0;
		};
		045B63551A0924B500A7FB63 /* Frameworks */ = {
			isa = PBXFrameworksBuildPhase;
			buildActionMask = 2147483647;
			files = (
			);
			runOnlyForDeploymentPostprocessing = 0;
		};
/* End PBXFrameworksBuildPhase section */

/* Begin PBXGroup section */
		045B63361A0924B500A7FB63 = {
			isa = PBXGroup;
			children = (
				045B63411A0924B500A7FB63 /* HRTableCollectionViewModelDemo */,
				045B635B1A0924B500A7FB63 /* HRTableCollectionViewModelDemoTests */,
				045B63401A0924B500A7FB63 /* Products */,
			);
			sourceTree = "<group>";
		};
		045B63401A0924B500A7FB63 /* Products */ = {
			isa = PBXGroup;
			children = (
				045B633F1A0924B500A7FB63 /* HRTableCollectionViewModelDemo.app */,
				045B63581A0924B500A7FB63 /* HRTableCollectionViewModelDemoTests.xctest */,
			);
			name = Products;
			sourceTree = "<group>";
		};
		045B63411A0924B500A7FB63 /* HRTableCollectionViewModelDemo */ = {
			isa = PBXGroup;
			children = (
				045B63461A0924B500A7FB63 /* AppDelegate.h */,
				045B63471A0924B500A7FB63 /* AppDelegate.m */,
				045B63491A0924B500A7FB63 /* ViewController.h */,
				045B634A1A0924B500A7FB63 /* ViewController.m */,
				045B634C1A0924B500A7FB63 /* Main.storyboard */,
				045B634F1A0924B500A7FB63 /* Images.xcassets */,
				045B63511A0924B500A7FB63 /* LaunchScreen.xib */,
				045B63421A0924B500A7FB63 /* Supporting Files */,
			);
			path = HRTableCollectionViewModelDemo;
			sourceTree = "<group>";
		};
		045B63421A0924B500A7FB63 /* Supporting Files */ = {
			isa = PBXGroup;
			children = (
				045B63431A0924B500A7FB63 /* Info.plist */,
				045B63441A0924B500A7FB63 /* main.m */,
			);
			name = "Supporting Files";
			sourceTree = "<group>";
		};
		045B635B1A0924B500A7FB63 /* HRTableCollectionViewModelDemoTests */ = {
			isa = PBXGroup;
			children = (
				045B635E1A0924B500A7FB63 /* HRTableCollectionViewModelDemoTests.m */,
				045B635C1A0924B500A7FB63 /* Supporting Files */,
			);
			path = HRTableCollectionViewModelDemoTests;
			sourceTree = "<group>";
		};
		045B635C1A0924B500A7FB63 /* Supporting Files */ = {
			isa = PBXGroup;
			children = (
				045B635D1A0924B500A7FB63 /* Info.plist */,
			);
			name = "Supporting Files";
			sourceTree = "<group>";
		};
/* End PBXGroup section */

/* Begin PBXNativeTarget section */
		045B633E1A0924B500A7FB63 /* HRTableCollectionViewModelDemo */ = {
			isa = PBXNativeTarget;
			buildConfigurationList = 045B63621A0924B500A7FB63 /* Build configuration list for PBXNativeTarget "HRTableCollectionViewModelDemo" */;
			buildPhases = (
				045B633B1A0924B500A7FB63 /* Sources */,
				045B633C1A0924B500A7FB63 /* Frameworks */,
				045B633D1A0924B500A7FB63 /* Resources */,
			);
			buildRules = (
			);
			dependencies = (
			);
			name = HRTableCollectionViewModelDemo;
			productName = HRTableCollectionViewModelDemo;
			productReference = 045B633F1A0924B500A7FB63 /* HRTableCollectionViewModelDemo.app */;
			productType = "com.apple.product-type.application";
		};
		045B63571A0924B500A7FB63 /* HRTableCollectionViewModelDemoTests */ = {
			isa = PBXNativeTarget;
			buildConfigurationList = 045B63651A0924B500A7FB63 /* Build configuration list for PBXNativeTarget "HRTableCollectionViewModelDemoTests" */;
			buildPhases = (
				045B63541A0924B500A7FB63 /* Sources */,
				045B63551A0924B500A7FB63 /* Frameworks */,
				045B63561A0924B500A7FB63 /* Resources */,
			);
			buildRules = (
			);
			dependencies = (
				045B635A1A0924B500A7FB63 /* PBXTargetDependency */,
			);
			name = HRTableCollectionViewModelDemoTests;
			productName = HRTableCollectionViewModelDemoTests;
			productReference = 045B63581A0924B500A7FB63 /* HRTableCollectionViewModelDemoTests.xctest */;
			productType = "com.apple.product-type.bundle.unit-test";
		};
/* End PBXNativeTarget section */

/* Begin PBXProject section */
		045B63371A0924B500A7FB63 /* Project object */ = {
			isa = PBXProject;
			attributes = {
				LastUpgradeCheck = 0610;
				ORGANIZATIONNAME = Rannie;
				TargetAttributes = {
					045B633E1A0924B500A7FB63 = {
						CreatedOnToolsVersion = 6.1;
					};
					045B63571A0924B500A7FB63 = {
						CreatedOnToolsVersion = 6.1;
						TestTargetID = 045B633E1A0924B500A7FB63;
					};
				};
			};
			buildConfigurationList = 045B633A1A0924B500A7FB63 /* Build configuration list for PBXProject "HRTableCollectionViewModelDemo" */;
			compatibilityVersion = "Xcode 3.2";
			developmentRegion = English;
			hasScannedForEncodings = 0;
			knownRegions = (
				en,
				Base,
			);
			mainGroup = 045B63361A0924B500A7FB63;
			productRefGroup = 045B63401A0924B500A7FB63 /* Products */;
			projectDirPath = "";
			projectRoot = "";
			targets = (
				045B633E1A0924B500A7FB63 /* HRTableCollectionViewModelDemo */,
				045B63571A0924B500A7FB63 /* HRTableCollectionViewModelDemoTests */,
			);
		};
/* End PBXProject section */

/* Begin PBXResourcesBuildPhase section */
		045B633D1A0924B500A7FB63 /* Resources */ = {
			isa = PBXResourcesBuildPhase;
			buildActionMask = 2147483647;
			files = (
				045B634E1A0924B500A7FB63 /* Main.storyboard in Resources */,
				045B63531A0924B500A7FB63 /* LaunchScreen.xib in Resources */,
				045B63501A0924B500A7FB63 /* Images.xcassets in Resources */,
			);
			runOnlyForDeploymentPostprocessing = 0;
		};
		045B63561A0924B500A7FB63 /* Resources */ = {
			isa = PBXResourcesBuildPhase;
			buildActionMask = 2147483647;
			files = (
			);
			runOnlyForDeploymentPostprocessing = 0;
		};
/* End PBXResourcesBuildPhase section */

/* Begin PBXSourcesBuildPhase section */
		045B633B1A0924B500A7FB63 /* Sources */ = {
			isa = PBXSourcesBuildPhase;
			buildActionMask = 2147483647;
			files = (
				045B634B1A0924B500A7FB63 /* ViewController.m in Sources */,
				045B63481A0924B500A7FB63 /* AppDelegate.m in Sources */,
				045B63451A0924B500A7FB63 /* main.m in Sources */,
			);
			runOnlyForDeploymentPostprocessing = 0;
		};
		045B63541A0924B500A7FB63 /* Sources */ = {
			isa = PBXSourcesBuildPhase;
			buildActionMask = 2147483647;
			files = (
				045B635F1A0924B500A7FB63 /* HRTableCollectionViewModelDemoTests.m in Sources */,
			);
			runOnlyForDeploymentPostprocessing = 0;
		};
/* End PBXSourcesBuildPhase section */

/* Begin PBXTargetDependency section */
		045B635A1A0924B500A7FB63 /* PBXTargetDependency */ = {
			isa = PBXTargetDependency;
			target = 045B633E1A0924B500A7FB63 /* HRTableCollectionViewModelDemo */;
			targetProxy = 045B63591A0924B500A7FB63 /* PBXContainerItemProxy */;
		};
/* End PBXTargetDependency section */

/* Begin PBXVariantGroup section */
		045B634C1A0924B500A7FB63 /* Main.storyboard */ = {
			isa = PBXVariantGroup;
			children = (
				045B634D1A0924B500A7FB63 /* Base */,
			);
			name = Main.storyboard;
			sourceTree = "<group>";
		};
		045B63511A0924B500A7FB63 /* LaunchScreen.xib */ = {
			isa = PBXVariantGroup;
			children = (
				045B63521A0924B500A7FB63 /* Base */,
			);
			name = LaunchScreen.xib;
			sourceTree = "<group>";
		};
/* End PBXVariantGroup section */

/* Begin XCBuildConfiguration section */
		045B63601A0924B500A7FB63 /* Debug */ = {
			isa = XCBuildConfiguration;
			buildSettings = {
				ALWAYS_SEARCH_USER_PATHS = NO;
				CLANG_CXX_LANGUAGE_STANDARD = "gnu++0x";
				CLANG_CXX_LIBRARY = "libc++";
				CLANG_ENABLE_MODULES = YES;
				CLANG_ENABLE_OBJC_ARC = YES;
				CLANG_WARN_BOOL_CONVERSION = YES;
				CLANG_WARN_CONSTANT_CONVERSION = YES;
				CLANG_WARN_DIRECT_OBJC_ISA_USAGE = YES_ERROR;
				CLANG_WARN_EMPTY_BODY = YES;
				CLANG_WARN_ENUM_CONVERSION = YES;
				CLANG_WARN_INT_CONVERSION = YES;
				CLANG_WARN_OBJC_ROOT_CLASS = YES_ERROR;
				CLANG_WARN_UNREACHABLE_CODE = YES;
				CLANG_WARN__DUPLICATE_METHOD_MATCH = YES;
				"CODE_SIGN_IDENTITY[sdk=iphoneos*]" = "iPhone Developer";
				COPY_PHASE_STRIP = NO;
				ENABLE_STRICT_OBJC_MSGSEND = YES;
				GCC_C_LANGUAGE_STANDARD = gnu99;
				GCC_DYNAMIC_NO_PIC = NO;
				GCC_OPTIMIZATION_LEVEL = 0;
				GCC_PREPROCESSOR_DEFINITIONS = (
					"DEBUG=1",
					"$(inherited)",
				);
				GCC_SYMBOLS_PRIVATE_EXTERN = NO;
				GCC_WARN_64_TO_32_BIT_CONVERSION = YES;
				GCC_WARN_ABOUT_RETURN_TYPE = YES_ERROR;
				GCC_WARN_UNDECLARED_SELECTOR = YES;
				GCC_WARN_UNINITIALIZED_AUTOS = YES_AGGRESSIVE;
				GCC_WARN_UNUSED_FUNCTION = YES;
				GCC_WARN_UNUSED_VARIABLE = YES;
				IPHONEOS_DEPLOYMENT_TARGET = 8.1;
				MTL_ENABLE_DEBUG_INFO = YES;
				ONLY_ACTIVE_ARCH = YES;
				SDKROOT = iphoneos;
			};
			name = Debug;
		};
		045B63611A0924B500A7FB63 /* Release */ = {
			isa = XCBuildConfiguration;
			buildSettings = {
				ALWAYS_SEARCH_USER_PATHS = NO;
				CLANG_CXX_LANGUAGE_STANDARD = "gnu++0x";
				CLANG_CXX_LIBRARY = "libc++";
				CLANG_ENABLE_MODULES = YES;
				CLANG_ENABLE_OBJC_ARC = YES;
				CLANG_WARN_BOOL_CONVERSION = YES;
				CLANG_WARN_CONSTANT_CONVERSION = YES;
				CLANG_WARN_DIRECT_OBJC_ISA_USAGE = YES_ERROR;
				CLANG_WARN_EMPTY_BODY = YES;
				CLANG_WARN_ENUM_CONVERSION = YES;
				CLANG_WARN_INT_CONVERSION = YES;
				CLANG_WARN_OBJC_ROOT_CLASS = YES_ERROR;
				CLANG_WARN_UNREACHABLE_CODE = YES;
				CLANG_WARN__DUPLICATE_METHOD_MATCH = YES;
				"CODE_SIGN_IDENTITY[sdk=iphoneos*]" = "iPhone Developer";
				COPY_PHASE_STRIP = YES;
				ENABLE_NS_ASSERTIONS = NO;
				ENABLE_STRICT_OBJC_MSGSEND = YES;
				GCC_C_LANGUAGE_STANDARD = gnu99;
				GCC_WARN_64_TO_32_BIT_CONVERSION = YES;
				GCC_WARN_ABOUT_RETURN_TYPE = YES_ERROR;
				GCC_WARN_UNDECLARED_SELECTOR = YES;
				GCC_WARN_UNINITIALIZED_AUTOS = YES_AGGRESSIVE;
				GCC_WARN_UNUSED_FUNCTION = YES;
				GCC_WARN_UNUSED_VARIABLE = YES;
				IPHONEOS_DEPLOYMENT_TARGET = 8.1;
				MTL_ENABLE_DEBUG_INFO = NO;
				SDKROOT = iphoneos;
				VALIDATE_PRODUCT = YES;
			};
			name = Release;
		};
		045B63631A0924B500A7FB63 /* Debug */ = {
			isa = XCBuildConfiguration;
			buildSettings = {
				ASSETCATALOG_COMPILER_APPICON_NAME = AppIcon;
				INFOPLIST_FILE = HRTableCollectionViewModelDemo/Info.plist;
				LD_RUNPATH_SEARCH_PATHS = "$(inherited) @executable_path/Frameworks";
				PRODUCT_NAME = "$(TARGET_NAME)";
			};
			name = Debug;
		};
		045B63641A0924B500A7FB63 /* Release */ = {
			isa = XCBuildConfiguration;
			buildSettings = {
				ASSETCATALOG_COMPILER_APPICON_NAME = AppIcon;
				INFOPLIST_FILE = HRTableCollectionViewModelDemo/Info.plist;
				LD_RUNPATH_SEARCH_PATHS = "$(inherited) @executable_path/Frameworks";
				PRODUCT_NAME = "$(TARGET_NAME)";
			};
			name = Release;
		};
		045B63661A0924B500A7FB63 /* Debug */ = {
			isa = XCBuildConfiguration;
			buildSettings = {
				BUNDLE_LOADER = "$(TEST_HOST)";
				FRAMEWORK_SEARCH_PATHS = (
					"$(SDKROOT)/Developer/Library/Frameworks",
					"$(inherited)",
				);
				GCC_PREPROCESSOR_DEFINITIONS = (
					"DEBUG=1",
					"$(inherited)",
				);
				INFOPLIST_FILE = HRTableCollectionViewModelDemoTests/Info.plist;
				LD_RUNPATH_SEARCH_PATHS = "$(inherited) @executable_path/Frameworks @loader_path/Frameworks";
				PRODUCT_NAME = "$(TARGET_NAME)";
				TEST_HOST = "$(BUILT_PRODUCTS_DIR)/HRTableCollectionViewModelDemo.app/HRTableCollectionViewModelDemo";
			};
			name = Debug;
		};
		045B63671A0924B500A7FB63 /* Release */ = {
			isa = XCBuildConfiguration;
			buildSettings = {
				BUNDLE_LOADER = "$(TEST_HOST)";
				FRAMEWORK_SEARCH_PATHS = (
					"$(SDKROOT)/Developer/Library/Frameworks",
					"$(inherited)",
				);
				INFOPLIST_FILE = HRTableCollectionViewModelDemoTests/Info.plist;
				LD_RUNPATH_SEARCH_PATHS = "$(inherited) @executable_path/Frameworks @loader_path/Frameworks";
				PRODUCT_NAME = "$(TARGET_NAME)";
				TEST_HOST = "$(BUILT_PRODUCTS_DIR)/HRTableCollectionViewModelDemo.app/HRTableCollectionViewModelDemo";
			};
			name = Release;
		};
/* End XCBuildConfiguration section */

/* Begin XCConfigurationList section */
		045B633A1A0924B500A7FB63 /* Build configuration list for PBXProject "HRTableCollectionViewModelDemo" */ = {
			isa = XCConfigurationList;
			buildConfigurations = (
				045B63601A0924B500A7FB63 /* Debug */,
				045B63611A0924B500A7FB63 /* Release */,
			);
			defaultConfigurationIsVisible = 0;
			defaultConfigurationName = Release;
		};
		045B63621A0924B500A7FB63 /* Build configuration list for PBXNativeTarget "HRTableCollectionViewModelDemo" */ = {
			isa = XCConfigurationList;
			buildConfigurations = (
				045B63631A0924B500A7FB63 /* Debug */,
				045B63641A0924B500A7FB63 /* Release */,
			);
			defaultConfigurationIsVisible = 0;
		};
		045B63651A0924B500A7FB63 /* Build configuration list for PBXNativeTarget "HRTableCollectionViewModelDemoTests" */ = {
			isa = XCConfigurationList;
			buildConfigurations = (
				045B63661A0924B500A7FB63 /* Debug */,
				045B63671A0924B500A7FB63 /* Release */,
			);
			defaultConfigurationIsVisible = 0;
		};
/* End XCConfigurationList section */
	};
	rootObject = 045B63371A0924B500A7FB63 /* Project object */;
}
